
Microsoft Visual Studio Solution File, Format Version 12.00
# Visual Studio Version 17
VisualStudioVersion = 17.0.31903.59
MinimumVisualStudioVersion = 10.0.40219.1
Project("{2150E333-8FDC-42A3-9474-1A3956D46DE8}") = "API", "API", "{07466382-B13B-43FE-8565-84B56235ADF7}"
EndProject
Project("{FAE04EC0-301F-11D3-BF4B-00C04F79EFBC}") = "DoctorAppointmentBookingAPI", "DoctorAppointmentBookingAPI\DoctorAppointmentBookingAPI.csproj", "{F1F5BD5C-8461-4B1A-9BA1-13F694301A70}"
EndProject
Project("{2150E333-8FDC-42A3-9474-1A3956D46DE8}") = "DoctorAvailabilityModule", "DoctorAvailabilityModule", "{F4C78AA3-3D1B-402D-A1BA-0129B235CBA0}"
EndProject
Project("{2150E333-8FDC-42A3-9474-1A3956D46DE8}") = "AppointmentBookingModule", "AppointmentBookingModule", "{FEA37D3A-07B2-4133-BC40-98EC7FC33973}"
EndProject
Project("{2150E333-8FDC-42A3-9474-1A3956D46DE8}") = "AppointmentConfirmationModule", "AppointmentConfirmationModule", "{AE9BAF78-558F-42A2-B60F-F10FC86DBCD7}"
EndProject
Project("{2150E333-8FDC-42A3-9474-1A3956D46DE8}") = "DoctorAppointmentManagementModule", "DoctorAppointmentManagementModule", "{D6731290-EC73-490A-805E-5280B6B48916}"
EndProject
Project("{FAE04EC0-301F-11D3-BF4B-00C04F79EFBC}") = "PresentationLayer", "PresentationLayer\PresentationLayer.csproj", "{A42195D6-4FF9-4197-9831-2552E3E39AFE}"
EndProject
Project("{FAE04EC0-301F-11D3-BF4B-00C04F79EFBC}") = "BusinessLayer", " BusinessLayer\BusinessLayer.csproj", "{1A33504C-D190-4629-B055-7B2B9618DA75}"
EndProject
Project("{FAE04EC0-301F-11D3-BF4B-00C04F79EFBC}") = "DataLayer", "DataLayer\DataLayer.csproj", "{223F5625-0232-48DE-8821-C1C530505273}"
EndProject
Project("{FAE04EC0-301F-11D3-BF4B-00C04F79EFBC}") = "Domain", "Domain\Domain.csproj", "{75FDD3F6-2807-4D55-A53D-D773ED2E87A6}"
EndProject
Project("{FAE04EC0-301F-11D3-BF4B-00C04F79EFBC}") = "Infrastructure", "Infrastructure\Infrastructure.csproj", "{7D28A077-604B-4AF4-9AEF-5E115B6E945F}"
EndProject
Project("{FAE04EC0-301F-11D3-BF4B-00C04F79EFBC}") = "Application", "Application\Application.csproj", "{D3A9209C-C6B7-48AF-A5E3-90E12A851EF0}"
EndProject
Project("{FAE04EC0-301F-11D3-BF4B-00C04F79EFBC}") = "Presentation", "Presentation\Presentation.csproj", "{86BB353B-4346-4A05-9579-78A227A06E16}"
EndProject
Project("{FAE04EC0-301F-11D3-BF4B-00C04F79EFBC}") = "Notifications", "Notifications\Notifications.csproj", "{CE17EC90-638D-419D-B354-A62AC1CF484B}"
EndProject
Project("{FAE04EC0-301F-11D3-BF4B-00C04F79EFBC}") = "Core", "Core\Core.csproj", "{23A18D01-2D66-416A-839D-118F2AE0E15B}"
EndProject
Project("{FAE04EC0-301F-11D3-BF4B-00C04F79EFBC}") = "Shell", "Shell\Shell.csproj", "{36342305-82CB-450A-9665-F4A36A8D73C0}"
EndProject
Global
	GlobalSection(SolutionConfigurationPlatforms) = preSolution
		Debug|Any CPU = Debug|Any CPU
		Release|Any CPU = Release|Any CPU
	EndGlobalSection
	GlobalSection(SolutionProperties) = preSolution
		HideSolutionNode = FALSE
	EndGlobalSection
	GlobalSection(NestedProjects) = preSolution
		{F1F5BD5C-8461-4B1A-9BA1-13F694301A70} = {07466382-B13B-43FE-8565-84B56235ADF7}
		{A42195D6-4FF9-4197-9831-2552E3E39AFE} = {F4C78AA3-3D1B-402D-A1BA-0129B235CBA0}
		{1A33504C-D190-4629-B055-7B2B9618DA75} = {F4C78AA3-3D1B-402D-A1BA-0129B235CBA0}
		{223F5625-0232-48DE-8821-C1C530505273} = {F4C78AA3-3D1B-402D-A1BA-0129B235CBA0}
		{75FDD3F6-2807-4D55-A53D-D773ED2E87A6} = {FEA37D3A-07B2-4133-BC40-98EC7FC33973}
		{7D28A077-604B-4AF4-9AEF-5E115B6E945F} = {FEA37D3A-07B2-4133-BC40-98EC7FC33973}
		{D3A9209C-C6B7-48AF-A5E3-90E12A851EF0} = {FEA37D3A-07B2-4133-BC40-98EC7FC33973}
		{86BB353B-4346-4A05-9579-78A227A06E16} = {FEA37D3A-07B2-4133-BC40-98EC7FC33973}
		{CE17EC90-638D-419D-B354-A62AC1CF484B} = {AE9BAF78-558F-42A2-B60F-F10FC86DBCD7}
		{23A18D01-2D66-416A-839D-118F2AE0E15B} = {D6731290-EC73-490A-805E-5280B6B48916}
		{36342305-82CB-450A-9665-F4A36A8D73C0} = {D6731290-EC73-490A-805E-5280B6B48916}
	EndGlobalSection
	GlobalSection(ProjectConfigurationPlatforms) = postSolution
		{F1F5BD5C-8461-4B1A-9BA1-13F694301A70}.Debug|Any CPU.ActiveCfg = Debug|Any CPU
		{F1F5BD5C-8461-4B1A-9BA1-13F694301A70}.Debug|Any CPU.Build.0 = Debug|Any CPU
		{F1F5BD5C-8461-4B1A-9BA1-13F694301A70}.Release|Any CPU.ActiveCfg = Release|Any CPU
		{F1F5BD5C-8461-4B1A-9BA1-13F694301A70}.Release|Any CPU.Build.0 = Release|Any CPU
		{A42195D6-4FF9-4197-9831-2552E3E39AFE}.Debug|Any CPU.ActiveCfg = Debug|Any CPU
		{A42195D6-4FF9-4197-9831-2552E3E39AFE}.Debug|Any CPU.Build.0 = Debug|Any CPU
		{A42195D6-4FF9-4197-9831-2552E3E39AFE}.Release|Any CPU.ActiveCfg = Release|Any CPU
		{A42195D6-4FF9-4197-9831-2552E3E39AFE}.Release|Any CPU.Build.0 = Release|Any CPU
		{1A33504C-D190-4629-B055-7B2B9618DA75}.Debug|Any CPU.ActiveCfg = Debug|Any CPU
		{1A33504C-D190-4629-B055-7B2B9618DA75}.Debug|Any CPU.Build.0 = Debug|Any CPU
		{1A33504C-D190-4629-B055-7B2B9618DA75}.Release|Any CPU.ActiveCfg = Release|Any CPU
		{1A33504C-D190-4629-B055-7B2B9618DA75}.Release|Any CPU.Build.0 = Release|Any CPU
		{223F5625-0232-48DE-8821-C1C530505273}.Debug|Any CPU.ActiveCfg = Debug|Any CPU
		{223F5625-0232-48DE-8821-C1C530505273}.Debug|Any CPU.Build.0 = Debug|Any CPU
		{223F5625-0232-48DE-8821-C1C530505273}.Release|Any CPU.ActiveCfg = Release|Any CPU
		{223F5625-0232-48DE-8821-C1C530505273}.Release|Any CPU.Build.0 = Release|Any CPU
		{75FDD3F6-2807-4D55-A53D-D773ED2E87A6}.Debug|Any CPU.ActiveCfg = Debug|Any CPU
		{75FDD3F6-2807-4D55-A53D-D773ED2E87A6}.Debug|Any CPU.Build.0 = Debug|Any CPU
		{75FDD3F6-2807-4D55-A53D-D773ED2E87A6}.Release|Any CPU.ActiveCfg = Release|Any CPU
		{75FDD3F6-2807-4D55-A53D-D773ED2E87A6}.Release|Any CPU.Build.0 = Release|Any CPU
		{7D28A077-604B-4AF4-9AEF-5E115B6E945F}.Debug|Any CPU.ActiveCfg = Debug|Any CPU
		{7D28A077-604B-4AF4-9AEF-5E115B6E945F}.Debug|Any CPU.Build.0 = Debug|Any CPU
		{7D28A077-604B-4AF4-9AEF-5E115B6E945F}.Release|Any CPU.ActiveCfg = Release|Any CPU
		{7D28A077-604B-4AF4-9AEF-5E115B6E945F}.Release|Any CPU.Build.0 = Release|Any CPU
		{D3A9209C-C6B7-48AF-A5E3-90E12A851EF0}.Debug|Any CPU.ActiveCfg = Debug|Any CPU
		{D3A9209C-C6B7-48AF-A5E3-90E12A851EF0}.Debug|Any CPU.Build.0 = Debug|Any CPU
		{D3A9209C-C6B7-48AF-A5E3-90E12A851EF0}.Release|Any CPU.ActiveCfg = Release|Any CPU
		{D3A9209C-C6B7-48AF-A5E3-90E12A851EF0}.Release|Any CPU.Build.0 = Release|Any CPU
		{86BB353B-4346-4A05-9579-78A227A06E16}.Debug|Any CPU.ActiveCfg = Debug|Any CPU
		{86BB353B-4346-4A05-9579-78A227A06E16}.Debug|Any CPU.Build.0 = Debug|Any CPU
		{86BB353B-4346-4A05-9579-78A227A06E16}.Release|Any CPU.ActiveCfg = Release|Any CPU
		{86BB353B-4346-4A05-9579-78A227A06E16}.Release|Any CPU.Build.0 = Release|Any CPU
		{CE17EC90-638D-419D-B354-A62AC1CF484B}.Debug|Any CPU.ActiveCfg = Debug|Any CPU
		{CE17EC90-638D-419D-B354-A62AC1CF484B}.Debug|Any CPU.Build.0 = Debug|Any CPU
		{CE17EC90-638D-419D-B354-A62AC1CF484B}.Release|Any CPU.ActiveCfg = Release|Any CPU
		{CE17EC90-638D-419D-B354-A62AC1CF484B}.Release|Any CPU.Build.0 = Release|Any CPU
		{23A18D01-2D66-416A-839D-118F2AE0E15B}.Debug|Any CPU.ActiveCfg = Debug|Any CPU
		{23A18D01-2D66-416A-839D-118F2AE0E15B}.Debug|Any CPU.Build.0 = Debug|Any CPU
		{23A18D01-2D66-416A-839D-118F2AE0E15B}.Release|Any CPU.ActiveCfg = Release|Any CPU
		{23A18D01-2D66-416A-839D-118F2AE0E15B}.Release|Any CPU.Build.0 = Release|Any CPU
		{36342305-82CB-450A-9665-F4A36A8D73C0}.Debug|Any CPU.ActiveCfg = Debug|Any CPU
		{36342305-82CB-450A-9665-F4A36A8D73C0}.Debug|Any CPU.Build.0 = Debug|Any CPU
		{36342305-82CB-450A-9665-F4A36A8D73C0}.Release|Any CPU.ActiveCfg = Release|Any CPU
		{36342305-82CB-450A-9665-F4A36A8D73C0}.Release|Any CPU.Build.0 = Release|Any CPU
	EndGlobalSection
EndGlobal
